// !$*UTF8*$!
{
	archiveVersion = 1;
	classes = {
	};
	objectVersion = 48;
	objects = {

/* Begin PBXBuildFile section */
		697B812E2001293D00FBD569 /* DataModel.xcdatamodeld in Sources */ = {isa = PBXBuildFile; fileRef = 697B812C2001293D00FBD569 /* DataModel.xcdatamodeld */; };
		697B81302004B2FC00FBD569 /* CategoryViewController.swift in Sources */ = {isa = PBXBuildFile; fileRef = 697B812F2004B2FB00FBD569 /* CategoryViewController.swift */; };
		69A059FE1FF361BB001B870A /* AppDelegate.swift in Sources */ = {isa = PBXBuildFile; fileRef = 69A059FD1FF361BB001B870A /* AppDelegate.swift */; };
		69A05A001FF361BB001B870A /* TodoListViewController.swift in Sources */ = {isa = PBXBuildFile; fileRef = 69A059FF1FF361BB001B870A /* TodoListViewController.swift */; };
		69A05A031FF361BB001B870A /* Main.storyboard in Resources */ = {isa = PBXBuildFile; fileRef = 69A05A011FF361BB001B870A /* Main.storyboard */; };
		69A05A051FF361BB001B870A /* Assets.xcassets in Resources */ = {isa = PBXBuildFile; fileRef = 69A05A041FF361BB001B870A /* Assets.xcassets */; };
		69A05A081FF361BB001B870A /* LaunchScreen.storyboard in Resources */ = {isa = PBXBuildFile; fileRef = 69A05A061FF361BB001B870A /* LaunchScreen.storyboard */; };
/* End PBXBuildFile section */

/* Begin PBXFileReference section */
		697B812D2001293D00FBD569 /* DataModel.xcdatamodel */ = {isa = PBXFileReference; lastKnownFileType = wrapper.xcdatamodel; path = DataModel.xcdatamodel; sourceTree = "<group>"; };
		697B812F2004B2FB00FBD569 /* CategoryViewController.swift */ = {isa = PBXFileReference; lastKnownFileType = sourcecode.swift; path = CategoryViewController.swift; sourceTree = "<group>"; };
		69A059FA1FF361BB001B870A /* Today.app */ = {isa = PBXFileReference; explicitFileType = wrapper.application; includeInIndex = 0; path = Today.app; sourceTree = BUILT_PRODUCTS_DIR; };
		69A059FD1FF361BB001B870A /* AppDelegate.swift */ = {isa = PBXFileReference; lastKnownFileType = sourcecode.swift; path = AppDelegate.swift; sourceTree = "<group>"; };
		69A059FF1FF361BB001B870A /* TodoListViewController.swift */ = {isa = PBXFileReference; lastKnownFileType = sourcecode.swift; path = TodoListViewController.swift; sourceTree = "<group>"; };
		69A05A021FF361BB001B870A /* Base */ = {isa = PBXFileReference; lastKnownFileType = file.storyboard; name = Base; path = Base.lproj/Main.storyboard; sourceTree = "<group>"; };
		69A05A041FF361BB001B870A /* Assets.xcassets */ = {isa = PBXFileReference; lastKnownFileType = folder.assetcatalog; path = Assets.xcassets; sourceTree = "<group>"; };
		69A05A071FF361BB001B870A /* Base */ = {isa = PBXFileReference; lastKnownFileType = file.storyboard; name = Base; path = Base.lproj/LaunchScreen.storyboard; sourceTree = "<group>"; };
		69A05A091FF361BB001B870A /* Info.plist */ = {isa = PBXFileReference; lastKnownFileType = text.plist.xml; path = Info.plist; sourceTree = "<group>"; };
/* End PBXFileReference section */

/* Begin PBXFrameworksBuildPhase section */
		69A059F71FF361BB001B870A /* Frameworks */ = {
			isa = PBXFrameworksBuildPhase;
			buildActionMask = 2147483647;
			files = (
			);
			runOnlyForDeploymentPostprocessing = 0;
		};
/* End PBXFrameworksBuildPhase section */

/* Begin PBXGroup section */
		6948BFEE1FF91CC4008AAFD4 /* Data Model */ = {
			isa = PBXGroup;
			children = (
				697B812C2001293D00FBD569 /* DataModel.xcdatamodeld */,
			);
			path = "Data Model";
			sourceTree = "<group>";
		};
		6948BFF21FF91DB5008AAFD4 /* Controllers */ = {
			isa = PBXGroup;
			children = (
				69A059FF1FF361BB001B870A /* TodoListViewController.swift */,
				697B812F2004B2FB00FBD569 /* CategoryViewController.swift */,
			);
			path = Controllers;
			sourceTree = "<group>";
		};
		6948BFF31FF91DDA008AAFD4 /* View */ = {
			isa = PBXGroup;
			children = (
				69A05A011FF361BB001B870A /* Main.storyboard */,
			);
			path = View;
			sourceTree = "<group>";
		};
		6948BFF41FF91E01008AAFD4 /* Support File */ = {
			isa = PBXGroup;
			children = (
				69A05A041FF361BB001B870A /* Assets.xcassets */,
				69A05A061FF361BB001B870A /* LaunchScreen.storyboard */,
			);
			path = "Support File";
			sourceTree = "<group>";
		};
		69A059F11FF361BB001B870A = {
			isa = PBXGroup;
			children = (
				69A059FC1FF361BB001B870A /* Today */,
				69A059FB1FF361BB001B870A /* Products */,
			);
			sourceTree = "<group>";
		};
		69A059FB1FF361BB001B870A /* Products */ = {
			isa = PBXGroup;
			children = (
				69A059FA1FF361BB001B870A /* Today.app */,
			);
			name = Products;
			sourceTree = "<group>";
		};
		69A059FC1FF361BB001B870A /* Today */ = {
			isa = PBXGroup;
			children = (
				69A059FD1FF361BB001B870A /* AppDelegate.swift */,
				6948BFEE1FF91CC4008AAFD4 /* Data Model */,
				6948BFF21FF91DB5008AAFD4 /* Controllers */,
				6948BFF31FF91DDA008AAFD4 /* View */,
				6948BFF41FF91E01008AAFD4 /* Support File */,
				69A05A091FF361BB001B870A /* Info.plist */,
			);
			path = Today;
			sourceTree = "<group>";
		};
/* End PBXGroup section */

/* Begin PBXNativeTarget section */
		69A059F91FF361BB001B870A /* Today */ = {
			isa = PBXNativeTarget;
			buildConfigurationList = 69A05A0C1FF361BB001B870A /* Build configuration list for PBXNativeTarget "Today" */;
			buildPhases = (
				69A059F61FF361BB001B870A /* Sources */,
				69A059F71FF361BB001B870A /* Frameworks */,
				69A059F81FF361BB001B870A /* Resources */,
			);
			buildRules = (
			);
			dependencies = (
			);
			name = Today;
			productName = Today;
			productReference = 69A059FA1FF361BB001B870A /* Today.app */;
			productType = "com.apple.product-type.application";
		};
/* End PBXNativeTarget section */

/* Begin PBXProject section */
		69A059F21FF361BB001B870A /* Project object */ = {
			isa = PBXProject;
			attributes = {
				LastSwiftUpdateCheck = 0900;
				LastUpgradeCheck = 0900;
				ORGANIZATIONNAME = AliceChang;
				TargetAttributes = {
					69A059F91FF361BB001B870A = {
						CreatedOnToolsVersion = 9.0;
						ProvisioningStyle = Automatic;
					};
				};
			};
			buildConfigurationList = 69A059F51FF361BB001B870A /* Build configuration list for PBXProject "Today" */;
			compatibilityVersion = "Xcode 8.0";
			developmentRegion = en;
			hasScannedForEncodings = 0;
			knownRegions = (
				en,
				Base,
			);
			mainGroup = 69A059F11FF361BB001B870A;
			productRefGroup = 69A059FB1FF361BB001B870A /* Products */;
			projectDirPath = "";
			projectRoot = "";
			targets = (
				69A059F91FF361BB001B870A /* Today */,
			);
		};
/* End PBXProject section */

/* Begin PBXResourcesBuildPhase section */
		69A059F81FF361BB001B870A /* Resources */ = {
			isa = PBXResourcesBuildPhase;
			buildActionMask = 2147483647;
			files = (
				69A05A081FF361BB001B870A /* LaunchScreen.storyboard in Resources */,
				69A05A051FF361BB001B870A /* Assets.xcassets in Resources */,
				69A05A031FF361BB001B870A /* Main.storyboard in Resources */,
			);
			runOnlyForDeploymentPostprocessing = 0;
		};
/* End PBXResourcesBuildPhase section */

/* Begin PBXSourcesBuildPhase section */
		69A059F61FF361BB001B870A /* Sources */ = {
			isa = PBXSourcesBuildPhase;
			buildActionMask = 2147483647;
			files = (
				697B81302004B2FC00FBD569 /* CategoryViewController.swift in Sources */,
				69A05A001FF361BB001B870A /* TodoListViewController.swift in Sources */,
				697B812E2001293D00FBD569 /* DataModel.xcdatamodeld in Sources */,
				69A059FE1FF361BB001B870A /* AppDelegate.swift in Sources */,
			);
			runOnlyForDeploymentPostprocessing = 0;
		};
/* End PBXSourcesBuildPhase section */

/* Begin PBXVariantGroup section */
		69A05A011FF361BB001B870A /* Main.storyboard */ = {
			isa = PBXVariantGroup;
			children = (
				69A05A021FF361BB001B870A /* Base */,
			);
			name = Main.storyboard;
			sourceTree = "<group>";
		};
		69A05A061FF361BB001B870A /* LaunchScreen.storyboard */ = {
			isa = PBXVariantGroup;
			children = (
				69A05A071FF361BB001B870A /* Base */,
			);
			name = LaunchScreen.storyboard;
			sourceTree = "<group>";
		};
/* End PBXVariantGroup section */

/* Begin XCBuildConfiguration section */
		69A05A0A1FF361BB001B870A /* Debug */ = {
			isa = XCBuildConfiguration;
			buildSettings = {
				ALWAYS_SEARCH_USER_PATHS = NO;
				CLANG_ANALYZER_NONNULL = YES;
				CLANG_ANALYZER_NUMBER_OBJECT_CONVERSION = YES_AGGRESSIVE;
				CLANG_CXX_LANGUAGE_STANDARD = "gnu++14";
				CLANG_CXX_LIBRARY = "libc++";
				CLANG_ENABLE_MODULES = YES;
				CLANG_ENABLE_OBJC_ARC = YES;
				CLANG_WARN_BLOCK_CAPTURE_AUTORELEASING = YES;
				CLANG_WARN_BOOL_CONVERSION = YES;
				CLANG_WARN_COMMA = YES;
				CLANG_WARN_CONSTANT_CONVERSION = YES;
				CLANG_WARN_DIRECT_OBJC_ISA_USAGE = YES_ERROR;
				CLANG_WARN_DOCUMENTATION_COMMENTS = YES;
				CLANG_WARN_EMPTY_BODY = YES;
				CLANG_WARN_ENUM_CONVERSION = YES;
				CLANG_WARN_INFINITE_RECURSION = YES;
				CLANG_WARN_INT_CONVERSION = YES;
				CLANG_WARN_NON_LITERAL_NULL_CONVERSION = YES;
				CLANG_WARN_OBJC_LITERAL_CONVERSION = YES;
				CLANG_WARN_OBJC_ROOT_CLASS = YES_ERROR;
				CLANG_WARN_RANGE_LOOP_ANALYSIS = YES;
				CLANG_WARN_STRICT_PROTOTYPES = YES;
				CLANG_WARN_SUSPICIOUS_MOVE = YES;
				CLANG_WARN_UNGUARDED_AVAILABILITY = YES_AGGRESSIVE;
				CLANG_WARN_UNREACHABLE_CODE = YES;
				CLANG_WARN__DUPLICATE_METHOD_MATCH = YES;
				CODE_SIGN_IDENTITY = "iPhone Developer";
				COPY_PHASE_STRIP = NO;
				DEBUG_INFORMATION_FORMAT = dwarf;
				ENABLE_STRICT_OBJC_MSGSEND = YES;
				ENABLE_TESTABILITY = YES;
				GCC_C_LANGUAGE_STANDARD = gnu11;
				GCC_DYNAMIC_NO_PIC = NO;
				GCC_NO_COMMON_BLOCKS = YES;
				GCC_OPTIMIZATION_LEVEL = 0;
				GCC_PREPROCESSOR_DEFINITIONS = (
					"DEBUG=1",
					"$(inherited)",
				);
				GCC_WARN_64_TO_32_BIT_CONVERSION = YES;
				GCC_WARN_ABOUT_RETURN_TYPE = YES_ERROR;
				GCC_WARN_UNDECLARED_SELECTOR = YES;
				GCC_WARN_UNINITIALIZED_AUTOS = YES_AGGRESSIVE;
				GCC_WARN_UNUSED_FUNCTION = YES;
				GCC_WARN_UNUSED_VARIABLE = YES;
				IPHONEOS_DEPLOYMENT_TARGET = 11.0;
				MTL_ENABLE_DEBUG_INFO = YES;
				ONLY_ACTIVE_ARCH = YES;
				SDKROOT = iphoneos;
				SWIFT_ACTIVE_COMPILATION_CONDITIONS = DEBUG;
				SWIFT_OPTIMIZATION_LEVEL = "-Onone";
			};
			name = Debug;
		};
		69A05A0B1FF361BB001B870A /* Release */ = {
			isa = XCBuildConfiguration;
			buildSettings = {
				ALWAYS_SEARCH_USER_PATHS = NO;
				CLANG_ANALYZER_NONNULL = YES;
				CLANG_ANALYZER_NUMBER_OBJECT_CONVERSION = YES_AGGRESSIVE;
				CLANG_CXX_LANGUAGE_STANDARD = "gnu++14";
				CLANG_CXX_LIBRARY = "libc++";
				CLANG_ENABLE_MODULES = YES;
				CLANG_ENABLE_OBJC_ARC = YES;
				CLANG_WARN_BLOCK_CAPTURE_AUTORELEASING = YES;
				CLANG_WARN_BOOL_CONVERSION = YES;
				CLANG_WARN_COMMA = YES;
				CLANG_WARN_CONSTANT_CONVERSION = YES;
				CLANG_WARN_DIRECT_OBJC_ISA_USAGE = YES_ERROR;
				CLANG_WARN_DOCUMENTATION_COMMENTS = YES;
				CLANG_WARN_EMPTY_BODY = YES;
				CLANG_WARN_ENUM_CONVERSION = YES;
				CLANG_WARN_INFINITE_RECURSION = YES;
				CLANG_WARN_INT_CONVERSION = YES;
				CLANG_WARN_NON_LITERAL_NULL_CONVERSION = YES;
				CLANG_WARN_OBJC_LITERAL_CONVERSION = YES;
				CLANG_WARN_OBJC_ROOT_CLASS = YES_ERROR;
				CLANG_WARN_RANGE_LOOP_ANALYSIS = YES;
				CLANG_WARN_STRICT_PROTOTYPES = YES;
				CLANG_WARN_SUSPICIOUS_MOVE = YES;
				CLANG_WARN_UNGUARDED_AVAILABILITY = YES_AGGRESSIVE;
				CLANG_WARN_UNREACHABLE_CODE = YES;
				CLANG_WARN__DUPLICATE_METHOD_MATCH = YES;
				CODE_SIGN_IDENTITY = "iPhone Developer";
				COPY_PHASE_STRIP = NO;
				DEBUG_INFORMATION_FORMAT = "dwarf-with-dsym";
				ENABLE_NS_ASSERTIONS = NO;
				ENABLE_STRICT_OBJC_MSGSEND = YES;
				GCC_C_LANGUAGE_STANDARD = gnu11;
				GCC_NO_COMMON_BLOCKS = YES;
				GCC_WARN_64_TO_32_BIT_CONVERSION = YES;
				GCC_WARN_ABOUT_RETURN_TYPE = YES_ERROR;
				GCC_WARN_UNDECLARED_SELECTOR = YES;
				GCC_WARN_UNINITIALIZED_AUTOS = YES_AGGRESSIVE;
				GCC_WARN_UNUSED_FUNCTION = YES;
				GCC_WARN_UNUSED_VARIABLE = YES;
				IPHONEOS_DEPLOYMENT_TARGET = 11.0;
				MTL_ENABLE_DEBUG_INFO = NO;
				SDKROOT = iphoneos;
				SWIFT_OPTIMIZATION_LEVEL = "-Owholemodule";
				VALIDATE_PRODUCT = YES;
			};
			name = Release;
		};
		69A05A0D1FF361BB001B870A /* Debug */ = {
			isa = XCBuildConfiguration;
			buildSettings = {
				ASSETCATALOG_COMPILER_APPICON_NAME = AppIcon;
				CODE_SIGN_STYLE = Automatic;
				DEVELOPMENT_TEAM = CHZWYBA9N7;
				INFOPLIST_FILE = Today/Info.plist;
				LD_RUNPATH_SEARCH_PATHS = "$(inherited) @executable_path/Frameworks";
				PRODUCT_BUNDLE_IDENTIFIER = com.AliceChang.Today;
				PRODUCT_NAME = "$(TARGET_NAME)";
				SWIFT_VERSION = 4.0;
				TARGETED_DEVICE_FAMILY = "1,2";
			};
			name = Debug;
		};
		69A05A0E1FF361BB001B870A /* Release */ = {
			isa = XCBuildConfiguration;
			buildSettings = {
				ASSETCATALOG_COMPILER_APPICON_NAME = AppIcon;
				CODE_SIGN_STYLE = Automatic;
				DEVELOPMENT_TEAM = CHZWYBA9N7;
				INFOPLIST_FILE = Today/Info.plist;
				LD_RUNPATH_SEARCH_PATHS = "$(inherited) @executable_path/Frameworks";
				PRODUCT_BUNDLE_IDENTIFIER = com.AliceChang.Today;
				PRODUCT_NAME = "$(TARGET_NAME)";
				SWIFT_VERSION = 4.0;
				TARGETED_DEVICE_FAMILY = "1,2";
			};
			name = Release;
		};
/* End XCBuildConfiguration section */

/* Begin XCConfigurationList section */
		69A059F51FF361BB001B870A /* Build configuration list for PBXProject "Today" */ = {
			isa = XCConfigurationList;
			buildConfigurations = (
				69A05A0A1FF361BB001B870A /* Debug */,
				69A05A0B1FF361BB001B870A /* Release */,
			);
			defaultConfigurationIsVisible = 0;
			defaultConfigurationName = Release;
		};
		69A05A0C1FF361BB001B870A /* Build configuration list for PBXNativeTarget "Today" */ = {
			isa = XCConfigurationList;
			buildConfigurations = (
				69A05A0D1FF361BB001B870A /* Debug */,
				69A05A0E1FF361BB001B870A /* Release */,
			);
			defaultConfigurationIsVisible = 0;
			defaultConfigurationName = Release;
		};
/* End XCConfigurationList section */

/* Begin XCVersionGroup section */
		697B812C2001293D00FBD569 /* DataModel.xcdatamodeld */ = {
			isa = XCVersionGroup;
			children = (
				697B812D2001293D00FBD569 /* DataModel.xcdatamodel */,
			);
			currentVersion = 697B812D2001293D00FBD569 /* DataModel.xcdatamodel */;
			path = DataModel.xcdatamodeld;
			sourceTree = "<group>";
			versionGroupType = wrapper.xcdatamodel;
		};
/* End XCVersionGroup section */
	};
	rootObject = 69A059F21FF361BB001B870A /* Project object */;
}
